<?xml version="1.0" encoding="utf-8"?>
<Project ToolsVersion="4.0" xmlns="http://schemas.microsoft.com/developer/msbuild/2003">
  <ItemGroup>
    <Filter Include="源文件">
      <UniqueIdentifier>{4FC737F1-C7A5-4376-A066-2A32D752A2FF}</UniqueIdentifier>
      <Extensions>cpp;c;cc;cxx;def;odl;idl;hpj;bat;asm;asmx</Extensions>
    </Filter>
    <Filter Include="头文件">
      <UniqueIdentifier>{93995380-89BD-4b04-88EB-625FBE52EBFB}</UniqueIdentifier>
      <Extensions>h;hpp;hxx;hm;inl;inc;xsd</Extensions>
    </Filter>
    <Filter Include="资源文件">
      <UniqueIdentifier>{67DA6AB6-F800-4c08-8B7A-83BB121AAD01}</UniqueIdentifier>
      <Extensions>rc;ico;cur;bmp;dlg;rc2;rct;bin;rgs;gif;jpg;jpeg;jpe;resx;tiff;tif;png;wav;mfcribbon-ms</Extensions>
    </Filter>
  </ItemGroup>
  <ItemGroup>
    <ClCompile Include="2.2符号函数.c">
      <Filter>源文件</Filter>
    </ClCompile>
    <ClCompile Include="2.3判断三角形.c">
      <Filter>源文件</Filter>
    </ClCompile>
    <ClCompile Include="3.1求1到100累加和.c">
      <Filter>源文件</Filter>
    </ClCompile>
    <ClCompile Include="练2-改进1.c">
      <Filter>源文件</Filter>
    </ClCompile>
    <ClCompile Include="练2-改进2.c">
      <Filter>源文件</Filter>
    </ClCompile>
    <ClCompile Include="练2-求圆面积及周长.c">
      <Filter>源文件</Filter>
    </ClCompile>
    <ClCompile Include="练3-辗转相除法.c">
      <Filter>源文件</Filter>
    </ClCompile>
    <ClCompile Include="3.2循环嵌套.c">
      <Filter>源文件</Filter>
    </ClCompile>
    <ClCompile Include="3.3打印三角形.c">
      <Filter>源文件</Filter>
    </ClCompile>
    <ClCompile Include="3.4循环嵌套与非嵌套.c">
      <Filter>源文件</Filter>
    </ClCompile>
    <ClCompile Include="XB002.c">
      <Filter>源文件</Filter>
    </ClCompile>
    <ClCompile Include="DS002.c">
      <Filter>源文件</Filter>
    </ClCompile>
  </ItemGroup>
</Project>